// !$*UTF8*$!
{
	archiveVersion = 1;
	classes = {
	};
	objectVersion = 46;
	objects = {

/* Begin PBXBuildFile section */
		B5B75ECD1B86CC24003245BC /* main.m in Sources */ = {isa = PBXBuildFile; fileRef = B5B75ECC1B86CC24003245BC /* main.m */; };
		B5B75EEB1B86CCA9003245BC /* AsyncSocket.m in Sources */ = {isa = PBXBuildFile; fileRef = B5B75EEA1B86CCA9003245BC /* AsyncSocket.m */; };
		B5B75EED1B86CCE2003245BC /* CFNetwork.framework in Frameworks */ = {isa = PBXBuildFile; fileRef = B5B75EEC1B86CCE2003245BC /* CFNetwork.framework */; };
/* End PBXBuildFile section */

/* Begin PBXCopyFilesBuildPhase section */
		B5B75EC71B86CC24003245BC /* CopyFiles */ = {
			isa = PBXCopyFilesBuildPhase;
			buildActionMask = 2147483647;
			dstPath = /usr/share/man/man1/;
			dstSubfolderSpec = 0;
			files = (
			);
			runOnlyForDeploymentPostprocessing = 1;
		};
/* End PBXCopyFilesBuildPhase section */

/* Begin PBXFileReference section */
		B5B75EC91B86CC24003245BC /* testSocketClient1 */ = {isa = PBXFileReference; explicitFileType = "compiled.mach-o.executable"; includeInIndex = 0; path = testSocketClient1; sourceTree = BUILT_PRODUCTS_DIR; };
		B5B75ECC1B86CC24003245BC /* main.m */ = {isa = PBXFileReference; lastKnownFileType = sourcecode.c.objc; path = main.m; sourceTree = "<group>"; };
		B5B75EE91B86CCA9003245BC /* AsyncSocket.h */ = {isa = PBXFileReference; fileEncoding = 4; lastKnownFileType = sourcecode.c.h; path = AsyncSocket.h; sourceTree = "<group>"; };
		B5B75EEA1B86CCA9003245BC /* AsyncSocket.m */ = {isa = PBXFileReference; fileEncoding = 4; lastKnownFileType = sourcecode.c.objc; path = AsyncSocket.m; sourceTree = "<group>"; };
		B5B75EEC1B86CCE2003245BC /* CFNetwork.framework */ = {isa = PBXFileReference; lastKnownFileType = wrapper.framework; name = CFNetwork.framework; path = System/Library/Frameworks/CFNetwork.framework; sourceTree = SDKROOT; };
/* End PBXFileReference section */

/* Begin PBXFrameworksBuildPhase section */
		B5B75EC61B86CC24003245BC /* Frameworks */ = {
			isa = PBXFrameworksBuildPhase;
			buildActionMask = 2147483647;
			files = (
				B5B75EED1B86CCE2003245BC /* CFNetwork.framework in Frameworks */,
			);
			runOnlyForDeploymentPostprocessing = 0;
		};
/* End PBXFrameworksBuildPhase section */

/* Begin PBXGroup section */
		B5B75EC01B86CC24003245BC = {
			isa = PBXGroup;
			children = (
				B5B75EEC1B86CCE2003245BC /* CFNetwork.framework */,
				B5B75ECB1B86CC24003245BC /* testSocketClient1 */,
				B5B75ECA1B86CC24003245BC /* Products */,
			);
			sourceTree = "<group>";
		};
		B5B75ECA1B86CC24003245BC /* Products */ = {
			isa = PBXGroup;
			children = (
				B5B75EC91B86CC24003245BC /* testSocketClient1 */,
			);
			name = Products;
			sourceTree = "<group>";
		};
		B5B75ECB1B86CC24003245BC /* testSocketClient1 */ = {
			isa = PBXGroup;
			children = (
				B5B75EE91B86CCA9003245BC /* AsyncSocket.h */,
				B5B75EEA1B86CCA9003245BC /* AsyncSocket.m */,
				B5B75ECC1B86CC24003245BC /* main.m */,
			);
			path = testSocketClient1;
			sourceTree = "<group>";
		};
/* End PBXGroup section */

/* Begin PBXNativeTarget section */
		B5B75EC81B86CC24003245BC /* testSocketClient1 */ = {
			isa = PBXNativeTarget;
			buildConfigurationList = B5B75ED01B86CC24003245BC /* Build configuration list for PBXNativeTarget "testSocketClient1" */;
			buildPhases = (
				B5B75EC51B86CC24003245BC /* Sources */,
				B5B75EC61B86CC24003245BC /* Frameworks */,
				B5B75EC71B86CC24003245BC /* CopyFiles */,
			);
			buildRules = (
			);
			dependencies = (
			);
			name = testSocketClient1;
			productName = testSocketClient1;
			productReference = B5B75EC91B86CC24003245BC /* testSocketClient1 */;
			productType = "com.apple.product-type.tool";
		};
/* End PBXNativeTarget section */

/* Begin PBXProject section */
		B5B75EC11B86CC24003245BC /* Project object */ = {
			isa = PBXProject;
			attributes = {
				LastUpgradeCheck = 0630;
				ORGANIZATIONNAME = justlike;
				TargetAttributes = {
					B5B75EC81B86CC24003245BC = {
						CreatedOnToolsVersion = 6.3;
					};
				};
			};
			buildConfigurationList = B5B75EC41B86CC24003245BC /* Build configuration list for PBXProject "testSocketClient1" */;
			compatibilityVersion = "Xcode 3.2";
			developmentRegion = English;
			hasScannedForEncodings = 0;
			knownRegions = (
				en,
			);
			mainGroup = B5B75EC01B86CC24003245BC;
			productRefGroup = B5B75ECA1B86CC24003245BC /* Products */;
			projectDirPath = "";
			projectRoot = "";
			targets = (
				B5B75EC81B86CC24003245BC /* testSocketClient1 */,
			);
		};
/* End PBXProject section */

/* Begin PBXSourcesBuildPhase section */
		B5B75EC51B86CC24003245BC /* Sources */ = {
			isa = PBXSourcesBuildPhase;
			buildActionMask = 2147483647;
			files = (
				B5B75ECD1B86CC24003245BC /* main.m in Sources */,
				B5B75EEB1B86CCA9003245BC /* AsyncSocket.m in Sources */,
			);
			runOnlyForDeploymentPostprocessing = 0;
		};
/* End PBXSourcesBuildPhase section */

/* Begin XCBuildConfiguration section */
		B5B75ECE1B86CC24003245BC /* Debug */ = {
			isa = XCBuildConfiguration;
			buildSettings = {
				ALWAYS_SEARCH_USER_PATHS = NO;
				CLANG_CXX_LANGUAGE_STANDARD = "gnu++0x";
				CLANG_CXX_LIBRARY = "libc++";
				CLANG_ENABLE_MODULES = YES;
				CLANG_ENABLE_OBJC_ARC = YES;
				CLANG_WARN_BOOL_CONVERSION = YES;
				CLANG_WARN_CONSTANT_CONVERSION = YES;
				CLANG_WARN_DIRECT_OBJC_ISA_USAGE = YES_ERROR;
				CLANG_WARN_EMPTY_BODY = YES;
				CLANG_WARN_ENUM_CONVERSION = YES;
				CLANG_WARN_INT_CONVERSION = YES;
				CLANG_WARN_OBJC_ROOT_CLASS = YES_ERROR;
				CLANG_WARN_UNREACHABLE_CODE = YES;
				CLANG_WARN__DUPLICATE_METHOD_MATCH = YES;
				COPY_PHASE_STRIP = NO;
				DEBUG_INFORMATION_FORMAT = dwarf;
				ENABLE_STRICT_OBJC_MSGSEND = YES;
				GCC_C_LANGUAGE_STANDARD = gnu99;
				GCC_DYNAMIC_NO_PIC = NO;
				GCC_NO_COMMON_BLOCKS = YES;
				GCC_OPTIMIZATION_LEVEL = 0;
				GCC_PREPROCESSOR_DEFINITIONS = (
					"DEBUG=1",
					"$(inherited)",
				);
				GCC_SYMBOLS_PRIVATE_EXTERN = NO;
				GCC_WARN_64_TO_32_BIT_CONVERSION = YES;
				GCC_WARN_ABOUT_RETURN_TYPE = YES_ERROR;
				GCC_WARN_UNDECLARED_SELECTOR = YES;
				GCC_WARN_UNINITIALIZED_AUTOS = YES_AGGRESSIVE;
				GCC_WARN_UNUSED_FUNCTION = YES;
				GCC_WARN_UNUSED_VARIABLE = YES;
				MACOSX_DEPLOYMENT_TARGET = 10.10;
				MTL_ENABLE_DEBUG_INFO = YES;
				ONLY_ACTIVE_ARCH = YES;
				SDKROOT = macosx;
			};
			name = Debug;
		};
		B5B75ECF1B86CC24003245BC /* Release */ = {
			isa = XCBuildConfiguration;
			buildSettings = {
				ALWAYS_SEARCH_USER_PATHS = NO;
				CLANG_CXX_LANGUAGE_STANDARD = "gnu++0x";
				CLANG_CXX_LIBRARY = "libc++";
				CLANG_ENABLE_MODULES = YES;
				CLANG_ENABLE_OBJC_ARC = YES;
				CLANG_WARN_BOOL_CONVERSION = YES;
				CLANG_WARN_CONSTANT_CONVERSION = YES;
				CLANG_WARN_DIRECT_OBJC_ISA_USAGE = YES_ERROR;
				CLANG_WARN_EMPTY_BODY = YES;
				CLANG_WARN_ENUM_CONVERSION = YES;
				CLANG_WARN_INT_CONVERSION = YES;
				CLANG_WARN_OBJC_ROOT_CLASS = YES_ERROR;
				CLANG_WARN_UNREACHABLE_CODE = YES;
				CLANG_WARN__DUPLICATE_METHOD_MATCH = YES;
				COPY_PHASE_STRIP = NO;
				DEBUG_INFORMATION_FORMAT = "dwarf-with-dsym";
				ENABLE_NS_ASSERTIONS = NO;
				ENABLE_STRICT_OBJC_MSGSEND = YES;
				GCC_C_LANGUAGE_STANDARD = gnu99;
				GCC_NO_COMMON_BLOCKS = YES;
				GCC_WARN_64_TO_32_BIT_CONVERSION = YES;
				GCC_WARN_ABOUT_RETURN_TYPE = YES_ERROR;
				GCC_WARN_UNDECLARED_SELECTOR = YES;
				GCC_WARN_UNINITIALIZED_AUTOS = YES_AGGRESSIVE;
				GCC_WARN_UNUSED_FUNCTION = YES;
				GCC_WARN_UNUSED_VARIABLE = YES;
				MACOSX_DEPLOYMENT_TARGET = 10.10;
				MTL_ENABLE_DEBUG_INFO = NO;
				SDKROOT = macosx;
			};
			name = Release;
		};
		B5B75ED11B86CC24003245BC /* Debug */ = {
			isa = XCBuildConfiguration;
			buildSettings = {
				PRODUCT_NAME = "$(TARGET_NAME)";
			};
			name = Debug;
		};
		B5B75ED21B86CC24003245BC /* Release */ = {
			isa = XCBuildConfiguration;
			buildSettings = {
				PRODUCT_NAME = "$(TARGET_NAME)";
			};
			name = Release;
		};
/* End XCBuildConfiguration section */

/* Begin XCConfigurationList section */
		B5B75EC41B86CC24003245BC /* Build configuration list for PBXProject "testSocketClient1" */ = {
			isa = XCConfigurationList;
			buildConfigurations = (
				B5B75ECE1B86CC24003245BC /* Debug */,
				B5B75ECF1B86CC24003245BC /* Release */,
			);
			defaultConfigurationIsVisible = 0;
			defaultConfigurationName = Release;
		};
		B5B75ED01B86CC24003245BC /* Build configuration list for PBXNativeTarget "testSocketClient1" */ = {
			isa = XCConfigurationList;
			buildConfigurations = (
				B5B75ED11B86CC24003245BC /* Debug */,
				B5B75ED21B86CC24003245BC /* Release */,
			);
			defaultConfigurationIsVisible = 0;
		};
/* End XCConfigurationList section */
	};
	rootObject = B5B75EC11B86CC24003245BC /* Project object */;
}
